<?xml version="1.0" encoding="utf-8"?>
<Project ToolsVersion="4.0" xmlns="http://schemas.microsoft.com/developer/msbuild/2003">
  <ItemGroup>
    <Filter Include="src">
      <UniqueIdentifier>{26b599f1-41e9-44c6-8b2b-6d436f330a4c}</UniqueIdentifier>
    </Filter>
    <Filter Include="assets">
      <UniqueIdentifier>{333abea8-79e4-4611-94dc-a32410967754}</UniqueIdentifier>
    </Filter>
    <Filter Include="src\engine">
      <UniqueIdentifier>{00f74de8-ce0d-4412-b140-e6e7b564265e}</UniqueIdentifier>
    </Filter>
    <Filter Include="src\game">
      <UniqueIdentifier>{45beacaf-2e03-4de7-a4e8-7c0d346a0e8e}</UniqueIdentifier>
    </Filter>
  </ItemGroup>
  <ItemGroup>
    <ClCompile Include="main.cpp">
      <Filter>src</Filter>
    </ClCompile>
    <ClCompile Include="Engine.cpp">
      <Filter>src\engine</Filter>
    </ClCompile>
    <ClCompile Include="BasicState.cpp">
      <Filter>src\engine</Filter>
    </ClCompile>
    <ClCompile Include="GameOfLife.cpp">
      <Filter>src\game</Filter>
    </ClCompile>
    <ClCompile Include="Cell.cpp">
      <Filter>src\game</Filter>
    </ClCompile>
    <ClCompile Include="World.cpp">
      <Filter>src\game</Filter>
    </ClCompile>
    <ClCompile Include="StateMachine.cpp">
      <Filter>src\engine</Filter>
    </ClCompile>
  </ItemGroup>
  <ItemGroup>
    <ClInclude Include="Engine.h">
      <Filter>src\engine</Filter>
    </ClInclude>
    <ClInclude Include="State.h">
      <Filter>src\engine</Filter>
    </ClInclude>
    <ClInclude Include="BasicState.h">
      <Filter>src\engine</Filter>
    </ClInclude>
    <ClInclude Include="GameOfLife.h">
      <Filter>src\game</Filter>
    </ClInclude>
    <ClInclude Include="Cell.h">
      <Filter>src\game</Filter>
    </ClInclude>
    <ClInclude Include="Definitions.h">
      <Filter>src</Filter>
    </ClInclude>
    <ClInclude Include="World.h">
      <Filter>src\game</Filter>
    </ClInclude>
    <ClInclude Include="StateMachine.h">
      <Filter>src\engine</Filter>
    </ClInclude>
  </ItemGroup>
</Project>